
Microsoft Visual Studio Solution File, Format Version 12.00
# Visual Studio Version 16
VisualStudioVersion = 16.0.29230.47
MinimumVisualStudioVersion = 10.0.40219.1
Project("{FAE04EC0-301F-11D3-BF4B-00C04F79EFBC}") = "Cesar.Decript", "Cesar.Decript\Cesar.Decript.csproj", "{C832B331-C10D-423F-88FA-9DED58FAC64A}"
EndProject
Global
	GlobalSection(SolutionConfigurationPlatforms) = preSolution
		Debug|Any CPU = Debug|Any CPU
		Release|Any CPU = Release|Any CPU
	EndGlobalSection
	GlobalSection(ProjectConfigurationPlatforms) = postSolution
		{C832B331-C10D-423F-88FA-9DED58FAC64A}.Debug|Any CPU.ActiveCfg = Debug|Any CPU
		{C832B331-C10D-423F-88FA-9DED58FAC64A}.Debug|Any CPU.Build.0 = Debug|Any CPU
		{C832B331-C10D-423F-88FA-9DED58FAC64A}.Release|Any CPU.ActiveCfg = Release|Any CPU
		{C832B331-C10D-423F-88FA-9DED58FAC64A}.Release|Any CPU.Build.0 = Release|Any CPU
	EndGlobalSection
	GlobalSection(SolutionProperties) = preSolution
		HideSolutionNode = FALSE
	EndGlobalSection
	GlobalSection(ExtensibilityGlobals) = postSolution
		SolutionGuid = {C1FBE5F6-D7DA-4102-A01D-CA33DA6C1D5D}
	EndGlobalSection
EndGlobal
